
Microsoft Visual Studio Solution File, Format Version 12.00
# Visual Studio Version 17
VisualStudioVersion = 17.7.34024.191
MinimumVisualStudioVersion = 10.0.40219.1
Project("{9A19103F-16F7-4668-BE54-9A1E7A4F7556}") = "dairy_app_2", "dairy_app_2\dairy_app_2.csproj", "{52CF4514-E606-473C-874D-F685A6D42600}"
EndProject
Global
	GlobalSection(SolutionConfigurationPlatforms) = preSolution
		Debug|Any CPU = Debug|Any CPU
		Release|Any CPU = Release|Any CPU
	EndGlobalSection
	GlobalSection(ProjectConfigurationPlatforms) = postSolution
		{52CF4514-E606-473C-874D-F685A6D42600}.Debug|Any CPU.ActiveCfg = Debug|Any CPU
		{52CF4514-E606-473C-874D-F685A6D42600}.Debug|Any CPU.Build.0 = Debug|Any CPU
		{52CF4514-E606-473C-874D-F685A6D42600}.Release|Any CPU.ActiveCfg = Release|Any CPU
		{52CF4514-E606-473C-874D-F685A6D42600}.Release|Any CPU.Build.0 = Release|Any CPU
	EndGlobalSection
	GlobalSection(SolutionProperties) = preSolution
		HideSolutionNode = FALSE
	EndGlobalSection
	GlobalSection(ExtensibilityGlobals) = postSolution
		SolutionGuid = {BA8748FD-932D-47F0-BE56-BE7E4DBE74E0}
	EndGlobalSection
EndGlobal
